// !$*UTF8*$!
{
	archiveVersion = 1;
	classes = {
	};
	objectVersion = 46;
	objects = {

/* Begin PBXBuildFile section */
		5949318834A9AD80DDFDBF6D /* logger.swift in Sources */ = {isa = PBXBuildFile; fileRef = 594937FA9D84DC793383F17C /* logger.swift */; };
		5949330A7FA2DD1B306D0930 /* sc_06_exception.swift in Sources */ = {isa = PBXBuildFile; fileRef = 594939FED0E2C5B958996DC1 /* sc_06_exception.swift */; };
		5949378DAD3EDC3B674F1F70 /* time.swift in Sources */ = {isa = PBXBuildFile; fileRef = 59493AE22858D724FC10FAA5 /* time.swift */; };
		59493C3701AD64C8EC306463 /* sc_04_TaskGroup.swift in Sources */ = {isa = PBXBuildFile; fileRef = 594930C180C7B288B8858D83 /* sc_04_TaskGroup.swift */; };
		59493C4A255129DBCD3EA353 /* App.swift in Sources */ = {isa = PBXBuildFile; fileRef = 59493E388DD27541C542886A /* App.swift */; };
		59493CF37FC8CCD8E4AF8C53 /* sc_05_cancellation.swift in Sources */ = {isa = PBXBuildFile; fileRef = 594933A8589294DE8DD826EA /* sc_05_cancellation.swift */; };
		59493D8E56ABF6A69622648D /* sc_03_entrypoint.swift in Sources */ = {isa = PBXBuildFile; fileRef = 59493832E1CE0892F51FF110 /* sc_03_entrypoint.swift */; };
/* End PBXBuildFile section */

/* Begin PBXCopyFilesBuildPhase section */
		594930CADD961D7790C6D27F /* CopyFiles */ = {
			isa = PBXCopyFilesBuildPhase;
			buildActionMask = 2147483647;
			dstPath = /usr/share/man/man1/;
			dstSubfolderSpec = 0;
			files = (
			);
			runOnlyForDeploymentPostprocessing = 1;
		};
/* End PBXCopyFilesBuildPhase section */

/* Begin PBXFileReference section */
		594930C180C7B288B8858D83 /* sc_04_TaskGroup.swift */ = {isa = PBXFileReference; fileEncoding = 4; lastKnownFileType = sourcecode.swift; path = sc_04_TaskGroup.swift; sourceTree = "<group>"; };
		594933A8589294DE8DD826EA /* sc_05_cancellation.swift */ = {isa = PBXFileReference; fileEncoding = 4; lastKnownFileType = sourcecode.swift; path = sc_05_cancellation.swift; sourceTree = "<group>"; };
		594937FA9D84DC793383F17C /* logger.swift */ = {isa = PBXFileReference; fileEncoding = 4; lastKnownFileType = sourcecode.swift; path = logger.swift; sourceTree = "<group>"; };
		59493832E1CE0892F51FF110 /* sc_03_entrypoint.swift */ = {isa = PBXFileReference; fileEncoding = 4; lastKnownFileType = sourcecode.swift; path = sc_03_entrypoint.swift; sourceTree = "<group>"; };
		59493936D49A3217755C5979 /* coroutines */ = {isa = PBXFileReference; explicitFileType = "compiled.mach-o.executable"; includeInIndex = 0; path = coroutines; sourceTree = BUILT_PRODUCTS_DIR; };
		594939FED0E2C5B958996DC1 /* sc_06_exception.swift */ = {isa = PBXFileReference; fileEncoding = 4; lastKnownFileType = sourcecode.swift; path = sc_06_exception.swift; sourceTree = "<group>"; };
		59493AE22858D724FC10FAA5 /* time.swift */ = {isa = PBXFileReference; fileEncoding = 4; lastKnownFileType = sourcecode.swift; path = time.swift; sourceTree = "<group>"; };
		59493BF9E03DE329ED15D57C /* .gitignore */ = {isa = PBXFileReference; lastKnownFileType = file.gitignore; path = .gitignore; sourceTree = "<group>"; };
		59493E388DD27541C542886A /* App.swift */ = {isa = PBXFileReference; fileEncoding = 4; lastKnownFileType = sourcecode.swift; path = App.swift; sourceTree = "<group>"; };
/* End PBXFileReference section */

/* Begin PBXFrameworksBuildPhase section */
		59493FF44AE35976BEAA450D /* Frameworks */ = {
			isa = PBXFrameworksBuildPhase;
			buildActionMask = 2147483647;
			files = (
			);
			runOnlyForDeploymentPostprocessing = 0;
		};
/* End PBXFrameworksBuildPhase section */

/* Begin PBXGroup section */
		59493087E10F5DA38CB6CAEE /* Products */ = {
			isa = PBXGroup;
			children = (
				59493936D49A3217755C5979 /* coroutines */,
			);
			name = Products;
			sourceTree = "<group>";
		};
		5949391A50F16EEB55A609BB /* coroutines */ = {
			isa = PBXGroup;
			children = (
				59493832E1CE0892F51FF110 /* sc_03_entrypoint.swift */,
				594930C180C7B288B8858D83 /* sc_04_TaskGroup.swift */,
				59493E388DD27541C542886A /* App.swift */,
				594933A8589294DE8DD826EA /* sc_05_cancellation.swift */,
				594937FA9D84DC793383F17C /* logger.swift */,
				59493AE22858D724FC10FAA5 /* time.swift */,
				594939FED0E2C5B958996DC1 /* sc_06_exception.swift */,
			);
			path = coroutines;
			sourceTree = "<group>";
		};
		59493E5050437F4D76D3F421 = {
			isa = PBXGroup;
			children = (
				59493087E10F5DA38CB6CAEE /* Products */,
				5949391A50F16EEB55A609BB /* coroutines */,
				59493BF9E03DE329ED15D57C /* .gitignore */,
			);
			sourceTree = "<group>";
		};
/* End PBXGroup section */

/* Begin PBXNativeTarget section */
		5949357FFA7E325B3D6DF0FB /* coroutines */ = {
			isa = PBXNativeTarget;
			buildConfigurationList = 594937E83103DCFE3BC72428 /* Build configuration list for PBXNativeTarget "coroutines" */;
			buildPhases = (
				59493DA8B77891B0F642789B /* Sources */,
				59493FF44AE35976BEAA450D /* Frameworks */,
				594930CADD961D7790C6D27F /* CopyFiles */,
			);
			buildRules = (
			);
			dependencies = (
			);
			name = coroutines;
			productName = coroutines;
			productReference = 59493936D49A3217755C5979 /* coroutines */;
			productType = "com.apple.product-type.tool";
		};
/* End PBXNativeTarget section */

/* Begin PBXProject section */
		5949351BDE45177E46235F01 /* Project object */ = {
			isa = PBXProject;
			buildConfigurationList = 59493D5163A9D2781CA101DD /* Build configuration list for PBXProject "coroutines" */;
			compatibilityVersion = "Xcode 3.2";
			developmentRegion = English;
			hasScannedForEncodings = 0;
			knownRegions = (
				en,
			);
			mainGroup = 59493E5050437F4D76D3F421;
			productRefGroup = 59493087E10F5DA38CB6CAEE /* Products */;
			projectDirPath = "";
			projectRoot = "";
			targets = (
				5949357FFA7E325B3D6DF0FB /* coroutines */,
			);
		};
/* End PBXProject section */

/* Begin PBXSourcesBuildPhase section */
		59493DA8B77891B0F642789B /* Sources */ = {
			isa = PBXSourcesBuildPhase;
			buildActionMask = 2147483647;
			files = (
				59493D8E56ABF6A69622648D /* sc_03_entrypoint.swift in Sources */,
				59493C3701AD64C8EC306463 /* sc_04_TaskGroup.swift in Sources */,
				59493C4A255129DBCD3EA353 /* App.swift in Sources */,
				59493CF37FC8CCD8E4AF8C53 /* sc_05_cancellation.swift in Sources */,
				5949318834A9AD80DDFDBF6D /* logger.swift in Sources */,
				5949378DAD3EDC3B674F1F70 /* time.swift in Sources */,
				5949330A7FA2DD1B306D0930 /* sc_06_exception.swift in Sources */,
			);
			runOnlyForDeploymentPostprocessing = 0;
		};
/* End PBXSourcesBuildPhase section */

/* Begin XCBuildConfiguration section */
		5949321CC1A948B3F812A73C /* Debug */ = {
			isa = XCBuildConfiguration;
			buildSettings = {
				PRODUCT_NAME = "$(TARGET_NAME)";
				SWIFT_VERSION = 5.0;
			};
			name = Debug;
		};
		594934DF0A7576B978F1F181 /* Debug */ = {
			isa = XCBuildConfiguration;
			buildSettings = {
				ALWAYS_SEARCH_USER_PATHS = NO;
				CLANG_ANALYZER_NONNULL = YES;
				CLANG_ANALYZER_NUMBER_OBJECT_CONVERSION = YES_AGGRESSIVE;
				CLANG_CXX_LANGUAGE_STANDARD = "gnu++17";
				CLANG_CXX_LIBRARY = "libc++";
				CLANG_ENABLE_MODULES = YES;
				CLANG_ENABLE_OBJC_ARC = YES;
				CLANG_ENABLE_OBJC_WEAK = YES;
				CLANG_WARN_BLOCK_CAPTURE_AUTORELEASING = YES;
				CLANG_WARN_BOOL_CONVERSION = YES;
				CLANG_WARN_COMMA = YES;
				CLANG_WARN_CONSTANT_CONVERSION = YES;
				CLANG_WARN_DEPRECATED_OBJC_IMPLEMENTATIONS = YES;
				CLANG_WARN_DIRECT_OBJC_ISA_USAGE = YES_ERROR;
				CLANG_WARN_DOCUMENTATION_COMMENTS = YES;
				CLANG_WARN_EMPTY_BODY = YES;
				CLANG_WARN_ENUM_CONVERSION = YES;
				CLANG_WARN_INFINITE_RECURSION = YES;
				CLANG_WARN_INT_CONVERSION = YES;
				CLANG_WARN_NON_LITERAL_NULL_CONVERSION = YES;
				CLANG_WARN_OBJC_IMPLICIT_RETAIN_SELF = YES;
				CLANG_WARN_OBJC_LITERAL_CONVERSION = YES;
				CLANG_WARN_OBJC_ROOT_CLASS = YES_ERROR;
				CLANG_WARN_QUOTED_INCLUDE_IN_FRAMEWORK_HEADER = YES;
				CLANG_WARN_RANGE_LOOP_ANALYSIS = YES;
				CLANG_WARN_STRICT_PROTOTYPES = YES;
				CLANG_WARN_SUSPICIOUS_MOVE = YES;
				CLANG_WARN_UNGUARDED_AVAILABILITY = YES_AGGRESSIVE;
				CLANG_WARN_UNREACHABLE_CODE = YES;
				CLANG_WARN__DUPLICATE_METHOD_MATCH = YES;
				COPY_PHASE_STRIP = NO;
				DEBUG_INFORMATION_FORMAT = dwarf;
				ENABLE_STRICT_OBJC_MSGSEND = YES;
				ENABLE_TESTABILITY = YES;
				GCC_C_LANGUAGE_STANDARD = gnu11;
				GCC_DYNAMIC_NO_PIC = NO;
				GCC_NO_COMMON_BLOCKS = YES;
				GCC_OPTIMIZATION_LEVEL = 0;
				GCC_PREPROCESSOR_DEFINITIONS = (
					"DEBUG=1",
					"$(inherited)",
				);
				GCC_WARN_64_TO_32_BIT_CONVERSION = YES;
				GCC_WARN_ABOUT_RETURN_TYPE = YES_ERROR;
				GCC_WARN_UNDECLARED_SELECTOR = YES;
				GCC_WARN_UNINITIALIZED_AUTOS = YES_AGGRESSIVE;
				GCC_WARN_UNUSED_FUNCTION = YES;
				GCC_WARN_UNUSED_VARIABLE = YES;
				MACOSX_DEPLOYMENT_TARGET = 12.0;
				MTL_ENABLE_DEBUG_INFO = INCLUDE_SOURCE;
				MTL_FAST_MATH = YES;
				ONLY_ACTIVE_ARCH = YES;
				SDKROOT = macosx;
				SWIFT_ACTIVE_COMPILATION_CONDITIONS = DEBUG;
				SWIFT_OPTIMIZATION_LEVEL = "-Onone";
			};
			name = Debug;
		};
		59493666F3E9D0AA29052C5F /* Release */ = {
			isa = XCBuildConfiguration;
			buildSettings = {
				PRODUCT_NAME = "$(TARGET_NAME)";
				SWIFT_VERSION = 5.0;
			};
			name = Release;
		};
		5949375A8341C3B103B548EE /* Release */ = {
			isa = XCBuildConfiguration;
			buildSettings = {
				ALWAYS_SEARCH_USER_PATHS = NO;
				CLANG_ANALYZER_NONNULL = YES;
				CLANG_ANALYZER_NUMBER_OBJECT_CONVERSION = YES_AGGRESSIVE;
				CLANG_CXX_LANGUAGE_STANDARD = "gnu++17";
				CLANG_CXX_LIBRARY = "libc++";
				CLANG_ENABLE_MODULES = YES;
				CLANG_ENABLE_OBJC_ARC = YES;
				CLANG_ENABLE_OBJC_WEAK = YES;
				CLANG_WARN_BLOCK_CAPTURE_AUTORELEASING = YES;
				CLANG_WARN_BOOL_CONVERSION = YES;
				CLANG_WARN_COMMA = YES;
				CLANG_WARN_CONSTANT_CONVERSION = YES;
				CLANG_WARN_DEPRECATED_OBJC_IMPLEMENTATIONS = YES;
				CLANG_WARN_DIRECT_OBJC_ISA_USAGE = YES_ERROR;
				CLANG_WARN_DOCUMENTATION_COMMENTS = YES;
				CLANG_WARN_EMPTY_BODY = YES;
				CLANG_WARN_ENUM_CONVERSION = YES;
				CLANG_WARN_INFINITE_RECURSION = YES;
				CLANG_WARN_INT_CONVERSION = YES;
				CLANG_WARN_NON_LITERAL_NULL_CONVERSION = YES;
				CLANG_WARN_OBJC_IMPLICIT_RETAIN_SELF = YES;
				CLANG_WARN_OBJC_LITERAL_CONVERSION = YES;
				CLANG_WARN_OBJC_ROOT_CLASS = YES_ERROR;
				CLANG_WARN_QUOTED_INCLUDE_IN_FRAMEWORK_HEADER = YES;
				CLANG_WARN_RANGE_LOOP_ANALYSIS = YES;
				CLANG_WARN_STRICT_PROTOTYPES = YES;
				CLANG_WARN_SUSPICIOUS_MOVE = YES;
				CLANG_WARN_UNGUARDED_AVAILABILITY = YES_AGGRESSIVE;
				CLANG_WARN_UNREACHABLE_CODE = YES;
				CLANG_WARN__DUPLICATE_METHOD_MATCH = YES;
				COPY_PHASE_STRIP = NO;
				DEBUG_INFORMATION_FORMAT = "dwarf-with-dsym";
				ENABLE_NS_ASSERTIONS = NO;
				ENABLE_STRICT_OBJC_MSGSEND = YES;
				GCC_C_LANGUAGE_STANDARD = gnu11;
				GCC_NO_COMMON_BLOCKS = YES;
				GCC_WARN_64_TO_32_BIT_CONVERSION = YES;
				GCC_WARN_ABOUT_RETURN_TYPE = YES_ERROR;
				GCC_WARN_UNDECLARED_SELECTOR = YES;
				GCC_WARN_UNINITIALIZED_AUTOS = YES_AGGRESSIVE;
				GCC_WARN_UNUSED_FUNCTION = YES;
				GCC_WARN_UNUSED_VARIABLE = YES;
				MACOSX_DEPLOYMENT_TARGET = 12.0;
				MTL_ENABLE_DEBUG_INFO = NO;
				MTL_FAST_MATH = YES;
				SDKROOT = macosx;
				SWIFT_COMPILATION_MODE = wholemodule;
				SWIFT_OPTIMIZATION_LEVEL = "-O";
			};
			name = Release;
		};
/* End XCBuildConfiguration section */

/* Begin XCConfigurationList section */
		594937E83103DCFE3BC72428 /* Build configuration list for PBXNativeTarget "coroutines" */ = {
			isa = XCConfigurationList;
			buildConfigurations = (
				5949321CC1A948B3F812A73C /* Debug */,
				59493666F3E9D0AA29052C5F /* Release */,
			);
			defaultConfigurationIsVisible = 0;
		};
		59493D5163A9D2781CA101DD /* Build configuration list for PBXProject "coroutines" */ = {
			isa = XCConfigurationList;
			buildConfigurations = (
				594934DF0A7576B978F1F181 /* Debug */,
				5949375A8341C3B103B548EE /* Release */,
			);
			defaultConfigurationIsVisible = 0;
			defaultConfigurationName = Release;
		};
/* End XCConfigurationList section */
	};
	rootObject = 5949351BDE45177E46235F01 /* Project object */;
}
